// !$*UTF8*$!
{
	archiveVersion = 1;
	classes = {
	};
	objectVersion = 51;
	objects = {

/* Begin PBXBuildFile section */
		18225F54247F8FA00036A746 /* Lee_Utils.swift in Sources */ = {isa = PBXBuildFile; fileRef = 18225F53247F8FA00036A746 /* Lee_Utils.swift */; };
		18225F56247F900B0036A746 /* NetworkTool.swift in Sources */ = {isa = PBXBuildFile; fileRef = 18225F55247F900B0036A746 /* NetworkTool.swift */; };
		18225F61247F90E30036A746 /* UILabel+Extension.swift in Sources */ = {isa = PBXBuildFile; fileRef = 18225F57247F90E10036A746 /* UILabel+Extension.swift */; };
		18225F62247F90E30036A746 /* UIView+Extension.swift in Sources */ = {isa = PBXBuildFile; fileRef = 18225F58247F90E10036A746 /* UIView+Extension.swift */; };
		18225F63247F90E30036A746 /* UIButton+Extension.swift in Sources */ = {isa = PBXBuildFile; fileRef = 18225F59247F90E10036A746 /* UIButton+Extension.swift */; };
		18225F64247F90E30036A746 /* UIImage+Extension.swift in Sources */ = {isa = PBXBuildFile; fileRef = 18225F5A247F90E10036A746 /* UIImage+Extension.swift */; };
		18225F65247F90E30036A746 /* UITextField+Extension.swift in Sources */ = {isa = PBXBuildFile; fileRef = 18225F5B247F90E10036A746 /* UITextField+Extension.swift */; };
		18225F66247F90E30036A746 /* NSData+Extension.swift in Sources */ = {isa = PBXBuildFile; fileRef = 18225F5C247F90E10036A746 /* NSData+Extension.swift */; };
		18225F67247F90E30036A746 /* UIColor+Extension.swift in Sources */ = {isa = PBXBuildFile; fileRef = 18225F5D247F90E20036A746 /* UIColor+Extension.swift */; };
		18225F68247F90E30036A746 /* UITextView+Extension.swift in Sources */ = {isa = PBXBuildFile; fileRef = 18225F5E247F90E20036A746 /* UITextView+Extension.swift */; };
		18225F69247F90E30036A746 /* String+Extension.swift in Sources */ = {isa = PBXBuildFile; fileRef = 18225F5F247F90E20036A746 /* String+Extension.swift */; };
		18225F6A247F90E30036A746 /* NSObject+Extension.swift in Sources */ = {isa = PBXBuildFile; fileRef = 18225F60247F90E20036A746 /* NSObject+Extension.swift */; };
		18225F6C247F90F80036A746 /* LeePickImageProtocal.swift in Sources */ = {isa = PBXBuildFile; fileRef = 18225F6B247F90F80036A746 /* LeePickImageProtocal.swift */; };
		18225F6E247F91190036A746 /* RefreshView.swift in Sources */ = {isa = PBXBuildFile; fileRef = 18225F6D247F91190036A746 /* RefreshView.swift */; };
		18225F70247F91C50036A746 /* UIKit+Extension.swift in Sources */ = {isa = PBXBuildFile; fileRef = 18225F6F247F91C50036A746 /* UIKit+Extension.swift */; };
		18225F72247F9E4F0036A746 /* LeeBaseVC.swift in Sources */ = {isa = PBXBuildFile; fileRef = 18225F71247F9E4F0036A746 /* LeeBaseVC.swift */; };
		18225F74247F9E7D0036A746 /* LeeTabBarController.swift in Sources */ = {isa = PBXBuildFile; fileRef = 18225F73247F9E7D0036A746 /* LeeTabBarController.swift */; };
		18225F76247F9EBB0036A746 /* LeeNavigationController.swift in Sources */ = {isa = PBXBuildFile; fileRef = 18225F75247F9EBB0036A746 /* LeeNavigationController.swift */; };
		18225F7B247F9F160036A746 /* LeeBaseVC+Extension.swift in Sources */ = {isa = PBXBuildFile; fileRef = 18225F7A247F9F160036A746 /* LeeBaseVC+Extension.swift */; };
		18225F7E247FA5010036A746 /* LeeHomePageVC.swift in Sources */ = {isa = PBXBuildFile; fileRef = 18225F7D247FA5010036A746 /* LeeHomePageVC.swift */; };
		18225F8F247FADF40036A746 /* LeeMessageVC.swift in Sources */ = {isa = PBXBuildFile; fileRef = 18225F8E247FADF40036A746 /* LeeMessageVC.swift */; };
		18225F91247FAE030036A746 /* LeeMeetingVC.swift in Sources */ = {isa = PBXBuildFile; fileRef = 18225F90247FAE030036A746 /* LeeMeetingVC.swift */; };
		18225F95247FAE920036A746 /* LeeSynergnVC.swift in Sources */ = {isa = PBXBuildFile; fileRef = 18225F94247FAE920036A746 /* LeeSynergnVC.swift */; };
		18225F97247FAECA0036A746 /* Const.swift in Sources */ = {isa = PBXBuildFile; fileRef = 18225F96247FAECA0036A746 /* Const.swift */; };
		18225F9C247FB9A80036A746 /* LeeLoginVC.swift in Sources */ = {isa = PBXBuildFile; fileRef = 18225F9B247FB9A80036A746 /* LeeLoginVC.swift */; };
		18225F9F2480B5CC0036A746 /* LeeLoginView.swift in Sources */ = {isa = PBXBuildFile; fileRef = 18225F9E2480B5CC0036A746 /* LeeLoginView.swift */; };
		18225FA12480E1FA0036A746 /* ConstKeys.swift in Sources */ = {isa = PBXBuildFile; fileRef = 18225FA02480E1FA0036A746 /* ConstKeys.swift */; };
		18B1814F247CB163000BA796 /* AppDelegate.swift in Sources */ = {isa = PBXBuildFile; fileRef = 18B1814E247CB163000BA796 /* AppDelegate.swift */; };
		18B18151247CB163000BA796 /* SceneDelegate.swift in Sources */ = {isa = PBXBuildFile; fileRef = 18B18150247CB163000BA796 /* SceneDelegate.swift */; };
		18B18153247CB163000BA796 /* ContentView.swift in Sources */ = {isa = PBXBuildFile; fileRef = 18B18152247CB163000BA796 /* ContentView.swift */; };
		18B18155247CB179000BA796 /* Assets.xcassets in Resources */ = {isa = PBXBuildFile; fileRef = 18B18154247CB179000BA796 /* Assets.xcassets */; };
		18B18158247CB179000BA796 /* Preview Assets.xcassets in Resources */ = {isa = PBXBuildFile; fileRef = 18B18157247CB179000BA796 /* Preview Assets.xcassets */; };
		18B1815B247CB179000BA796 /* LaunchScreen.storyboard in Resources */ = {isa = PBXBuildFile; fileRef = 18B18159247CB179000BA796 /* LaunchScreen.storyboard */; };
		1DF6D3D184168531E5032D10 /* Pods_Max_Bim.framework in Frameworks */ = {isa = PBXBuildFile; fileRef = 99C831CDBB8332DAF0B57872 /* Pods_Max_Bim.framework */; };
/* End PBXBuildFile section */

/* Begin PBXFileReference section */
		18225F32247E52070036A746 /* RxCocoa.framework */ = {isa = PBXFileReference; explicitFileType = wrapper.framework; path = RxCocoa.framework; sourceTree = BUILT_PRODUCTS_DIR; };
		18225F33247E52070036A746 /* RxRelay.framework */ = {isa = PBXFileReference; explicitFileType = wrapper.framework; path = RxRelay.framework; sourceTree = BUILT_PRODUCTS_DIR; };
		18225F34247E52070036A746 /* RxSwift.framework */ = {isa = PBXFileReference; explicitFileType = wrapper.framework; path = RxSwift.framework; sourceTree = BUILT_PRODUCTS_DIR; };
		18225F53247F8FA00036A746 /* Lee_Utils.swift */ = {isa = PBXFileReference; lastKnownFileType = sourcecode.swift; path = Lee_Utils.swift; sourceTree = "<group>"; };
		18225F55247F900B0036A746 /* NetworkTool.swift */ = {isa = PBXFileReference; lastKnownFileType = sourcecode.swift; path = NetworkTool.swift; sourceTree = "<group>"; };
		18225F57247F90E10036A746 /* UILabel+Extension.swift */ = {isa = PBXFileReference; fileEncoding = 4; lastKnownFileType = sourcecode.swift; path = "UILabel+Extension.swift"; sourceTree = "<group>"; };
		18225F58247F90E10036A746 /* UIView+Extension.swift */ = {isa = PBXFileReference; fileEncoding = 4; lastKnownFileType = sourcecode.swift; path = "UIView+Extension.swift"; sourceTree = "<group>"; };
		18225F59247F90E10036A746 /* UIButton+Extension.swift */ = {isa = PBXFileReference; fileEncoding = 4; lastKnownFileType = sourcecode.swift; path = "UIButton+Extension.swift"; sourceTree = "<group>"; };
		18225F5A247F90E10036A746 /* UIImage+Extension.swift */ = {isa = PBXFileReference; fileEncoding = 4; lastKnownFileType = sourcecode.swift; path = "UIImage+Extension.swift"; sourceTree = "<group>"; };
		18225F5B247F90E10036A746 /* UITextField+Extension.swift */ = {isa = PBXFileReference; fileEncoding = 4; lastKnownFileType = sourcecode.swift; path = "UITextField+Extension.swift"; sourceTree = "<group>"; };
		18225F5C247F90E10036A746 /* NSData+Extension.swift */ = {isa = PBXFileReference; fileEncoding = 4; lastKnownFileType = sourcecode.swift; path = "NSData+Extension.swift"; sourceTree = "<group>"; };
		18225F5D247F90E20036A746 /* UIColor+Extension.swift */ = {isa = PBXFileReference; fileEncoding = 4; lastKnownFileType = sourcecode.swift; path = "UIColor+Extension.swift"; sourceTree = "<group>"; };
		18225F5E247F90E20036A746 /* UITextView+Extension.swift */ = {isa = PBXFileReference; fileEncoding = 4; lastKnownFileType = sourcecode.swift; path = "UITextView+Extension.swift"; sourceTree = "<group>"; };
		18225F5F247F90E20036A746 /* String+Extension.swift */ = {isa = PBXFileReference; fileEncoding = 4; lastKnownFileType = sourcecode.swift; path = "String+Extension.swift"; sourceTree = "<group>"; };
		18225F60247F90E20036A746 /* NSObject+Extension.swift */ = {isa = PBXFileReference; fileEncoding = 4; lastKnownFileType = sourcecode.swift; path = "NSObject+Extension.swift"; sourceTree = "<group>"; };
		18225F6B247F90F80036A746 /* LeePickImageProtocal.swift */ = {isa = PBXFileReference; fileEncoding = 4; lastKnownFileType = sourcecode.swift; path = LeePickImageProtocal.swift; sourceTree = "<group>"; };
		18225F6D247F91190036A746 /* RefreshView.swift */ = {isa = PBXFileReference; fileEncoding = 4; lastKnownFileType = sourcecode.swift; path = RefreshView.swift; sourceTree = "<group>"; };
		18225F6F247F91C50036A746 /* UIKit+Extension.swift */ = {isa = PBXFileReference; fileEncoding = 4; lastKnownFileType = sourcecode.swift; path = "UIKit+Extension.swift"; sourceTree = "<group>"; };
		18225F71247F9E4F0036A746 /* LeeBaseVC.swift */ = {isa = PBXFileReference; lastKnownFileType = sourcecode.swift; path = LeeBaseVC.swift; sourceTree = "<group>"; };
		18225F73247F9E7D0036A746 /* LeeTabBarController.swift */ = {isa = PBXFileReference; lastKnownFileType = sourcecode.swift; path = LeeTabBarController.swift; sourceTree = "<group>"; };
		18225F75247F9EBB0036A746 /* LeeNavigationController.swift */ = {isa = PBXFileReference; lastKnownFileType = sourcecode.swift; path = LeeNavigationController.swift; sourceTree = "<group>"; };
		18225F7A247F9F160036A746 /* LeeBaseVC+Extension.swift */ = {isa = PBXFileReference; lastKnownFileType = sourcecode.swift; path = "LeeBaseVC+Extension.swift"; sourceTree = "<group>"; };
		18225F7D247FA5010036A746 /* LeeHomePageVC.swift */ = {isa = PBXFileReference; lastKnownFileType = sourcecode.swift; path = LeeHomePageVC.swift; sourceTree = "<group>"; };
		18225F8E247FADF40036A746 /* LeeMessageVC.swift */ = {isa = PBXFileReference; lastKnownFileType = sourcecode.swift; path = LeeMessageVC.swift; sourceTree = "<group>"; };
		18225F90247FAE030036A746 /* LeeMeetingVC.swift */ = {isa = PBXFileReference; lastKnownFileType = sourcecode.swift; path = LeeMeetingVC.swift; sourceTree = "<group>"; };
		18225F94247FAE920036A746 /* LeeSynergnVC.swift */ = {isa = PBXFileReference; lastKnownFileType = sourcecode.swift; path = LeeSynergnVC.swift; sourceTree = "<group>"; };
		18225F96247FAECA0036A746 /* Const.swift */ = {isa = PBXFileReference; lastKnownFileType = sourcecode.swift; path = Const.swift; sourceTree = "<group>"; };
		18225F9B247FB9A80036A746 /* LeeLoginVC.swift */ = {isa = PBXFileReference; lastKnownFileType = sourcecode.swift; path = LeeLoginVC.swift; sourceTree = "<group>"; };
		18225F9E2480B5CC0036A746 /* LeeLoginView.swift */ = {isa = PBXFileReference; lastKnownFileType = sourcecode.swift; path = LeeLoginView.swift; sourceTree = "<group>"; };
		18225FA02480E1FA0036A746 /* ConstKeys.swift */ = {isa = PBXFileReference; lastKnownFileType = sourcecode.swift; path = ConstKeys.swift; sourceTree = "<group>"; };
		18B1814B247CB163000BA796 /* Max-Bim.app */ = {isa = PBXFileReference; explicitFileType = wrapper.application; includeInIndex = 0; path = "Max-Bim.app"; sourceTree = BUILT_PRODUCTS_DIR; };
		18B1814E247CB163000BA796 /* AppDelegate.swift */ = {isa = PBXFileReference; lastKnownFileType = sourcecode.swift; path = AppDelegate.swift; sourceTree = "<group>"; };
		18B18150247CB163000BA796 /* SceneDelegate.swift */ = {isa = PBXFileReference; lastKnownFileType = sourcecode.swift; path = SceneDelegate.swift; sourceTree = "<group>"; };
		18B18152247CB163000BA796 /* ContentView.swift */ = {isa = PBXFileReference; lastKnownFileType = sourcecode.swift; path = ContentView.swift; sourceTree = "<group>"; };
		18B18154247CB179000BA796 /* Assets.xcassets */ = {isa = PBXFileReference; lastKnownFileType = folder.assetcatalog; path = Assets.xcassets; sourceTree = "<group>"; };
		18B18157247CB179000BA796 /* Preview Assets.xcassets */ = {isa = PBXFileReference; lastKnownFileType = folder.assetcatalog; path = "Preview Assets.xcassets"; sourceTree = "<group>"; };
		18B1815A247CB179000BA796 /* Base */ = {isa = PBXFileReference; lastKnownFileType = file.storyboard; name = Base; path = Base.lproj/LaunchScreen.storyboard; sourceTree = "<group>"; };
		18B1815C247CB179000BA796 /* Info.plist */ = {isa = PBXFileReference; lastKnownFileType = text.plist.xml; path = Info.plist; sourceTree = "<group>"; };
		8846E9899137B708115E3FEB /* Pods-Max-Bim.release.xcconfig */ = {isa = PBXFileReference; includeInIndex = 1; lastKnownFileType = text.xcconfig; name = "Pods-Max-Bim.release.xcconfig"; path = "Target Support Files/Pods-Max-Bim/Pods-Max-Bim.release.xcconfig"; sourceTree = "<group>"; };
		99C831CDBB8332DAF0B57872 /* Pods_Max_Bim.framework */ = {isa = PBXFileReference; explicitFileType = wrapper.framework; includeInIndex = 0; path = Pods_Max_Bim.framework; sourceTree = BUILT_PRODUCTS_DIR; };
		BE464ED7EA0D3F4375581FD7 /* Pods-Max-Bim.debug.xcconfig */ = {isa = PBXFileReference; includeInIndex = 1; lastKnownFileType = text.xcconfig; name = "Pods-Max-Bim.debug.xcconfig"; path = "Target Support Files/Pods-Max-Bim/Pods-Max-Bim.debug.xcconfig"; sourceTree = "<group>"; };
/* End PBXFileReference section */

/* Begin PBXFrameworksBuildPhase section */
		18B18148247CB163000BA796 /* Frameworks */ = {
			isa = PBXFrameworksBuildPhase;
			buildActionMask = 2147483647;
			files = (
				1DF6D3D184168531E5032D10 /* Pods_Max_Bim.framework in Frameworks */,
			);
			runOnlyForDeploymentPostprocessing = 0;
		};
/* End PBXFrameworksBuildPhase section */

/* Begin PBXGroup section */
		18225F3C247E678A0036A746 /* Class */ = {
			isa = PBXGroup;
			children = (
				18225F41247F8D760036A746 /* BaseVC */,
				18225F40247F8D600036A746 /* Login */,
				18225F43247F8D890036A746 /* Module */,
			);
			path = Class;
			sourceTree = "<group>";
		};
		18225F3D247F8CCC0036A746 /* Service */ = {
			isa = PBXGroup;
			children = (
				18225F52247F8F360036A746 /* Tool */,
				18225F51247F8F330036A746 /* Protocal */,
				18225F50247F8F290036A746 /* Extention */,
				18225F4F247F8F1C0036A746 /* Manager */,
				18225F4E247F8EE40036A746 /* Utils */,
				18225F4D247F8EDC0036A746 /* Charts */,
				18225F4C247F8EC50036A746 /* Folder */,
				18225F4B247F8EBA0036A746 /* Reusable */,
				18225F4A247F8EB30036A746 /* Common */,
			);
			path = Service;
			sourceTree = "<group>";
		};
		18225F3E247F8CD20036A746 /* Other */ = {
			isa = PBXGroup;
			children = (
			);
			path = Other;
			sourceTree = "<group>";
		};
		18225F3F247F8D180036A746 /* SupportFiles */ = {
			isa = PBXGroup;
			children = (
				18B1814E247CB163000BA796 /* AppDelegate.swift */,
				18B18150247CB163000BA796 /* SceneDelegate.swift */,
				18B18152247CB163000BA796 /* ContentView.swift */,
				18225F96247FAECA0036A746 /* Const.swift */,
				18225FA02480E1FA0036A746 /* ConstKeys.swift */,
			);
			path = SupportFiles;
			sourceTree = "<group>";
		};
		18225F40247F8D600036A746 /* Login */ = {
			isa = PBXGroup;
			children = (
				18225F9A247FB9970036A746 /* Model */,
				18225F99247FB9930036A746 /* View */,
				18225F98247FB98B0036A746 /* Controller */,
			);
			path = Login;
			sourceTree = "<group>";
		};
		18225F41247F8D760036A746 /* BaseVC */ = {
			isa = PBXGroup;
			children = (
				18225F77247F9ECD0036A746 /* Extension */,
				18225F71247F9E4F0036A746 /* LeeBaseVC.swift */,
				18225F73247F9E7D0036A746 /* LeeTabBarController.swift */,
				18225F75247F9EBB0036A746 /* LeeNavigationController.swift */,
			);
			path = BaseVC;
			sourceTree = "<group>";
		};
		18225F42247F8D7D0036A746 /* HomePage */ = {
			isa = PBXGroup;
			children = (
				18225F84247FA5410036A746 /* Model */,
				18225F83247FA53C0036A746 /* View */,
				18225F82247FA5350036A746 /* Controller */,
			);
			path = HomePage;
			sourceTree = "<group>";
		};
		18225F43247F8D890036A746 /* Module */ = {
			isa = PBXGroup;
			children = (
				18225F42247F8D7D0036A746 /* HomePage */,
				18225F49247F8E7A0036A746 /* PersonCenter */,
				18225F48247F8E770036A746 /* Resource */,
				18225F47247F8E420036A746 /* ProcessControl */,
				18225F46247F8E3F0036A746 /* DataManage */,
				18225F45247F8E3C0036A746 /* DataAnalysis */,
				18225F44247F8E220036A746 /* SafeBuild */,
			);
			path = Module;
			sourceTree = "<group>";
		};
		18225F44247F8E220036A746 /* SafeBuild */ = {
			isa = PBXGroup;
			children = (
			);
			path = SafeBuild;
			sourceTree = "<group>";
		};
		18225F45247F8E3C0036A746 /* DataAnalysis */ = {
			isa = PBXGroup;
			children = (
			);
			path = DataAnalysis;
			sourceTree = "<group>";
		};
		18225F46247F8E3F0036A746 /* DataManage */ = {
			isa = PBXGroup;
			children = (
			);
			path = DataManage;
			sourceTree = "<group>";
		};
		18225F47247F8E420036A746 /* ProcessControl */ = {
			isa = PBXGroup;
			children = (
			);
			path = ProcessControl;
			sourceTree = "<group>";
		};
		18225F48247F8E770036A746 /* Resource */ = {
			isa = PBXGroup;
			children = (
			);
			path = Resource;
			sourceTree = "<group>";
		};
		18225F49247F8E7A0036A746 /* PersonCenter */ = {
			isa = PBXGroup;
			children = (
				18225F81247FA52A0036A746 /* Synergn */,
				18225F80247FA51B0036A746 /* Meeting */,
				18225F7F247FA5080036A746 /* Message */,
			);
			path = PersonCenter;
			sourceTree = "<group>";
		};
		18225F4A247F8EB30036A746 /* Common */ = {
			isa = PBXGroup;
			children = (
			);
			path = Common;
			sourceTree = "<group>";
		};
		18225F4B247F8EBA0036A746 /* Reusable */ = {
			isa = PBXGroup;
			children = (
				18225F6D247F91190036A746 /* RefreshView.swift */,
			);
			path = Reusable;
			sourceTree = "<group>";
		};
		18225F4C247F8EC50036A746 /* Folder */ = {
			isa = PBXGroup;
			children = (
			);
			path = Folder;
			sourceTree = "<group>";
		};
		18225F4D247F8EDC0036A746 /* Charts */ = {
			isa = PBXGroup;
			children = (
			);
			path = Charts;
			sourceTree = "<group>";
		};
		18225F4E247F8EE40036A746 /* Utils */ = {
			isa = PBXGroup;
			children = (
				18225F53247F8FA00036A746 /* Lee_Utils.swift */,
			);
			path = Utils;
			sourceTree = "<group>";
		};
		18225F4F247F8F1C0036A746 /* Manager */ = {
			isa = PBXGroup;
			children = (
			);
			path = Manager;
			sourceTree = "<group>";
		};
		18225F50247F8F290036A746 /* Extention */ = {
			isa = PBXGroup;
			children = (
				18225F6F247F91C50036A746 /* UIKit+Extension.swift */,
				18225F5C247F90E10036A746 /* NSData+Extension.swift */,
				18225F60247F90E20036A746 /* NSObject+Extension.swift */,
				18225F5F247F90E20036A746 /* String+Extension.swift */,
				18225F59247F90E10036A746 /* UIButton+Extension.swift */,
				18225F5D247F90E20036A746 /* UIColor+Extension.swift */,
				18225F5A247F90E10036A746 /* UIImage+Extension.swift */,
				18225F57247F90E10036A746 /* UILabel+Extension.swift */,
				18225F5B247F90E10036A746 /* UITextField+Extension.swift */,
				18225F5E247F90E20036A746 /* UITextView+Extension.swift */,
				18225F58247F90E10036A746 /* UIView+Extension.swift */,
			);
			path = Extention;
			sourceTree = "<group>";
		};
		18225F51247F8F330036A746 /* Protocal */ = {
			isa = PBXGroup;
			children = (
				18225F6B247F90F80036A746 /* LeePickImageProtocal.swift */,
			);
			path = Protocal;
			sourceTree = "<group>";
		};
		18225F52247F8F360036A746 /* Tool */ = {
			isa = PBXGroup;
			children = (
				18225F55247F900B0036A746 /* NetworkTool.swift */,
			);
			path = Tool;
			sourceTree = "<group>";
		};
		18225F77247F9ECD0036A746 /* Extension */ = {
			isa = PBXGroup;
			children = (
				18225F7A247F9F160036A746 /* LeeBaseVC+Extension.swift */,
			);
			path = Extension;
			sourceTree = "<group>";
		};
		18225F7F247FA5080036A746 /* Message */ = {
			isa = PBXGroup;
			children = (
				18225F8D247FA5720036A746 /* Model */,
				18225F8C247FA56E0036A746 /* View */,
				18225F8B247FA5690036A746 /* Controller */,
			);
			path = Message;
			sourceTree = "<group>";
		};
		18225F80247FA51B0036A746 /* Meeting */ = {
			isa = PBXGroup;
			children = (
				18225F8A247FA5650036A746 /* Model */,
				18225F89247FA5610036A746 /* View */,
				18225F88247FA55A0036A746 /* Controller */,
			);
			path = Meeting;
			sourceTree = "<group>";
		};
		18225F81247FA52A0036A746 /* Synergn */ = {
			isa = PBXGroup;
			children = (
				18225F87247FA5560036A746 /* Model */,
				18225F86247FA5520036A746 /* View */,
				18225F85247FA54A0036A746 /* Controller */,
			);
			path = Synergn;
			sourceTree = "<group>";
		};
		18225F82247FA5350036A746 /* Controller */ = {
			isa = PBXGroup;
			children = (
				18225F7D247FA5010036A746 /* LeeHomePageVC.swift */,
			);
			path = Controller;
			sourceTree = "<group>";
		};
		18225F83247FA53C0036A746 /* View */ = {
			isa = PBXGroup;
			children = (
			);
			path = View;
			sourceTree = "<group>";
		};
		18225F84247FA5410036A746 /* Model */ = {
			isa = PBXGroup;
			children = (
			);
			path = Model;
			sourceTree = "<group>";
		};
		18225F85247FA54A0036A746 /* Controller */ = {
			isa = PBXGroup;
			children = (
				18225F94247FAE920036A746 /* LeeSynergnVC.swift */,
			);
			path = Controller;
			sourceTree = "<group>";
		};
		18225F86247FA5520036A746 /* View */ = {
			isa = PBXGroup;
			children = (
			);
			path = View;
			sourceTree = "<group>";
		};
		18225F87247FA5560036A746 /* Model */ = {
			isa = PBXGroup;
			children = (
			);
			path = Model;
			sourceTree = "<group>";
		};
		18225F88247FA55A0036A746 /* Controller */ = {
			isa = PBXGroup;
			children = (
				18225F90247FAE030036A746 /* LeeMeetingVC.swift */,
			);
			path = Controller;
			sourceTree = "<group>";
		};
		18225F89247FA5610036A746 /* View */ = {
			isa = PBXGroup;
			children = (
			);
			path = View;
			sourceTree = "<group>";
		};
		18225F8A247FA5650036A746 /* Model */ = {
			isa = PBXGroup;
			children = (
			);
			path = Model;
			sourceTree = "<group>";
		};
		18225F8B247FA5690036A746 /* Controller */ = {
			isa = PBXGroup;
			children = (
				18225F8E247FADF40036A746 /* LeeMessageVC.swift */,
			);
			path = Controller;
			sourceTree = "<group>";
		};
		18225F8C247FA56E0036A746 /* View */ = {
			isa = PBXGroup;
			children = (
			);
			path = View;
			sourceTree = "<group>";
		};
		18225F8D247FA5720036A746 /* Model */ = {
			isa = PBXGroup;
			children = (
			);
			path = Model;
			sourceTree = "<group>";
		};
		18225F98247FB98B0036A746 /* Controller */ = {
			isa = PBXGroup;
			children = (
				18225F9B247FB9A80036A746 /* LeeLoginVC.swift */,
			);
			path = Controller;
			sourceTree = "<group>";
		};
		18225F99247FB9930036A746 /* View */ = {
			isa = PBXGroup;
			children = (
				18225F9E2480B5CC0036A746 /* LeeLoginView.swift */,
			);
			path = View;
			sourceTree = "<group>";
		};
		18225F9A247FB9970036A746 /* Model */ = {
			isa = PBXGroup;
			children = (
			);
			path = Model;
			sourceTree = "<group>";
		};
		18B18142247CB163000BA796 = {
			isa = PBXGroup;
			children = (
				18B1814D247CB163000BA796 /* Max-Bim */,
				18B1814C247CB163000BA796 /* Products */,
				FC89828F9BE4E24A8546D8E9 /* Pods */,
				4E6F41B7C9BE02CC41FC8AD1 /* Frameworks */,
			);
			sourceTree = "<group>";
		};
		18B1814C247CB163000BA796 /* Products */ = {
			isa = PBXGroup;
			children = (
				18B1814B247CB163000BA796 /* Max-Bim.app */,
			);
			name = Products;
			sourceTree = "<group>";
		};
		18B1814D247CB163000BA796 /* Max-Bim */ = {
			isa = PBXGroup;
			children = (
				18225F3D247F8CCC0036A746 /* Service */,
				18225F3C247E678A0036A746 /* Class */,
				18225F3F247F8D180036A746 /* SupportFiles */,
				18225F3E247F8CD20036A746 /* Other */,
				18B18154247CB179000BA796 /* Assets.xcassets */,
				18B18159247CB179000BA796 /* LaunchScreen.storyboard */,
				18B1815C247CB179000BA796 /* Info.plist */,
				18B18156247CB179000BA796 /* Preview Content */,
			);
			path = "Max-Bim";
			sourceTree = "<group>";
		};
		18B18156247CB179000BA796 /* Preview Content */ = {
			isa = PBXGroup;
			children = (
				18B18157247CB179000BA796 /* Preview Assets.xcassets */,
			);
			path = "Preview Content";
			sourceTree = "<group>";
		};
		4E6F41B7C9BE02CC41FC8AD1 /* Frameworks */ = {
			isa = PBXGroup;
			children = (
				18225F32247E52070036A746 /* RxCocoa.framework */,
				18225F33247E52070036A746 /* RxRelay.framework */,
				18225F34247E52070036A746 /* RxSwift.framework */,
				99C831CDBB8332DAF0B57872 /* Pods_Max_Bim.framework */,
			);
			name = Frameworks;
			sourceTree = "<group>";
		};
		FC89828F9BE4E24A8546D8E9 /* Pods */ = {
			isa = PBXGroup;
			children = (
				BE464ED7EA0D3F4375581FD7 /* Pods-Max-Bim.debug.xcconfig */,
				8846E9899137B708115E3FEB /* Pods-Max-Bim.release.xcconfig */,
			);
			path = Pods;
			sourceTree = "<group>";
		};
/* End PBXGroup section */

/* Begin PBXNativeTarget section */
		18B1814A247CB163000BA796 /* Max-Bim */ = {
			isa = PBXNativeTarget;
			buildConfigurationList = 18B1815F247CB179000BA796 /* Build configuration list for PBXNativeTarget "Max-Bim" */;
			buildPhases = (
				84D49982F0312C6EC8AA3C8F /* [CP] Check Pods Manifest.lock */,
				18B18147247CB163000BA796 /* Sources */,
				18B18148247CB163000BA796 /* Frameworks */,
				18B18149247CB163000BA796 /* Resources */,
				2A62396DB6A4BDFAF6801FB4 /* [CP] Embed Pods Frameworks */,
			);
			buildRules = (
			);
			dependencies = (
			);
			name = "Max-Bim";
			productName = "Max-Bim";
			productReference = 18B1814B247CB163000BA796 /* Max-Bim.app */;
			productType = "com.apple.product-type.application";
		};
/* End PBXNativeTarget section */

/* Begin PBXProject section */
		18B18143247CB163000BA796 /* Project object */ = {
			isa = PBXProject;
			attributes = {
				LastSwiftUpdateCheck = 1140;
				LastUpgradeCheck = 1140;
				ORGANIZATIONNAME = apple;
				TargetAttributes = {
					18B1814A247CB163000BA796 = {
						CreatedOnToolsVersion = 11.4;
					};
				};
			};
			buildConfigurationList = 18B18146247CB163000BA796 /* Build configuration list for PBXProject "Max-Bim" */;
			compatibilityVersion = "Xcode 9.3";
			developmentRegion = en;
			hasScannedForEncodings = 0;
			knownRegions = (
				en,
				Base,
			);
			mainGroup = 18B18142247CB163000BA796;
			productRefGroup = 18B1814C247CB163000BA796 /* Products */;
			projectDirPath = "";
			projectRoot = "";
			targets = (
				18B1814A247CB163000BA796 /* Max-Bim */,
			);
		};
/* End PBXProject section */

/* Begin PBXResourcesBuildPhase section */
		18B18149247CB163000BA796 /* Resources */ = {
			isa = PBXResourcesBuildPhase;
			buildActionMask = 2147483647;
			files = (
				18B1815B247CB179000BA796 /* LaunchScreen.storyboard in Resources */,
				18B18158247CB179000BA796 /* Preview Assets.xcassets in Resources */,
				18B18155247CB179000BA796 /* Assets.xcassets in Resources */,
			);
			runOnlyForDeploymentPostprocessing = 0;
		};
/* End PBXResourcesBuildPhase section */

/* Begin PBXShellScriptBuildPhase section */
		2A62396DB6A4BDFAF6801FB4 /* [CP] Embed Pods Frameworks */ = {
			isa = PBXShellScriptBuildPhase;
			buildActionMask = 2147483647;
			files = (
			);
			inputFileListPaths = (
				"${PODS_ROOT}/Target Support Files/Pods-Max-Bim/Pods-Max-Bim-frameworks-${CONFIGURATION}-input-files.xcfilelist",
			);
			name = "[CP] Embed Pods Frameworks";
			outputFileListPaths = (
				"${PODS_ROOT}/Target Support Files/Pods-Max-Bim/Pods-Max-Bim-frameworks-${CONFIGURATION}-output-files.xcfilelist",
			);
			runOnlyForDeploymentPostprocessing = 0;
			shellPath = /bin/sh;
			shellScript = "\"${PODS_ROOT}/Target Support Files/Pods-Max-Bim/Pods-Max-Bim-frameworks.sh\"\n";
			showEnvVarsInLog = 0;
		};
		84D49982F0312C6EC8AA3C8F /* [CP] Check Pods Manifest.lock */ = {
			isa = PBXShellScriptBuildPhase;
			buildActionMask = 2147483647;
			files = (
			);
			inputFileListPaths = (
			);
			inputPaths = (
				"${PODS_PODFILE_DIR_PATH}/Podfile.lock",
				"${PODS_ROOT}/Manifest.lock",
			);
			name = "[CP] Check Pods Manifest.lock";
			outputFileListPaths = (
			);
			outputPaths = (
				"$(DERIVED_FILE_DIR)/Pods-Max-Bim-checkManifestLockResult.txt",
			);
			runOnlyForDeploymentPostprocessing = 0;
			shellPath = /bin/sh;
			shellScript = "diff \"${PODS_PODFILE_DIR_PATH}/Podfile.lock\" \"${PODS_ROOT}/Manifest.lock\" > /dev/null\nif [ $? != 0 ] ; then\n    # print error to STDERR\n    echo \"error: The sandbox is not in sync with the Podfile.lock. Run 'pod install' or update your CocoaPods installation.\" >&2\n    exit 1\nfi\n# This output is used by Xcode 'outputs' to avoid re-running this script phase.\necho \"SUCCESS\" > \"${SCRIPT_OUTPUT_FILE_0}\"\n";
			showEnvVarsInLog = 0;
		};
/* End PBXShellScriptBuildPhase section */

/* Begin PBXSourcesBuildPhase section */
		18B18147247CB163000BA796 /* Sources */ = {
			isa = PBXSourcesBuildPhase;
			buildActionMask = 2147483647;
			files = (
				18225F54247F8FA00036A746 /* Lee_Utils.swift in Sources */,
				18225F66247F90E30036A746 /* NSData+Extension.swift in Sources */,
				18225F95247FAE920036A746 /* LeeSynergnVC.swift in Sources */,
				18225F91247FAE030036A746 /* LeeMeetingVC.swift in Sources */,
				18225F62247F90E30036A746 /* UIView+Extension.swift in Sources */,
				18225F67247F90E30036A746 /* UIColor+Extension.swift in Sources */,
				18225F9F2480B5CC0036A746 /* LeeLoginView.swift in Sources */,
				18B1814F247CB163000BA796 /* AppDelegate.swift in Sources */,
				18225F6A247F90E30036A746 /* NSObject+Extension.swift in Sources */,
				18225F97247FAECA0036A746 /* Const.swift in Sources */,
				18225F7B247F9F160036A746 /* LeeBaseVC+Extension.swift in Sources */,
				18225F64247F90E30036A746 /* UIImage+Extension.swift in Sources */,
				18225F61247F90E30036A746 /* UILabel+Extension.swift in Sources */,
				18225F72247F9E4F0036A746 /* LeeBaseVC.swift in Sources */,
				18225F76247F9EBB0036A746 /* LeeNavigationController.swift in Sources */,
				18225F65247F90E30036A746 /* UITextField+Extension.swift in Sources */,
				18225F9C247FB9A80036A746 /* LeeLoginVC.swift in Sources */,
				18225FA12480E1FA0036A746 /* ConstKeys.swift in Sources */,
				18225F74247F9E7D0036A746 /* LeeTabBarController.swift in Sources */,
				18225F6C247F90F80036A746 /* LeePickImageProtocal.swift in Sources */,
				18225F7E247FA5010036A746 /* LeeHomePageVC.swift in Sources */,
				18225F69247F90E30036A746 /* String+Extension.swift in Sources */,
				18B18151247CB163000BA796 /* SceneDelegate.swift in Sources */,
				18225F8F247FADF40036A746 /* LeeMessageVC.swift in Sources */,
				18225F68247F90E30036A746 /* UITextView+Extension.swift in Sources */,
				18225F63247F90E30036A746 /* UIButton+Extension.swift in Sources */,
				18225F6E247F91190036A746 /* RefreshView.swift in Sources */,
				18B18153247CB163000BA796 /* ContentView.swift in Sources */,
				18225F70247F91C50036A746 /* UIKit+Extension.swift in Sources */,
				18225F56247F900B0036A746 /* NetworkTool.swift in Sources */,
			);
			runOnlyForDeploymentPostprocessing = 0;
		};
/* End PBXSourcesBuildPhase section */

/* Begin PBXVariantGroup section */
		18B18159247CB179000BA796 /* LaunchScreen.storyboard */ = {
			isa = PBXVariantGroup;
			children = (
				18B1815A247CB179000BA796 /* Base */,
			);
			name = LaunchScreen.storyboard;
			sourceTree = "<group>";
		};
/* End PBXVariantGroup section */

/* Begin XCBuildConfiguration section */
		18B1815D247CB179000BA796 /* Debug */ = {
			isa = XCBuildConfiguration;
			buildSettings = {
				ALWAYS_SEARCH_USER_PATHS = NO;
				CLANG_ANALYZER_NONNULL = YES;
				CLANG_ANALYZER_NUMBER_OBJECT_CONVERSION = YES_AGGRESSIVE;
				CLANG_CXX_LANGUAGE_STANDARD = "gnu++14";
				CLANG_CXX_LIBRARY = "libc++";
				CLANG_ENABLE_MODULES = YES;
				CLANG_ENABLE_OBJC_ARC = YES;
				CLANG_ENABLE_OBJC_WEAK = YES;
				CLANG_WARN_BLOCK_CAPTURE_AUTORELEASING = YES;
				CLANG_WARN_BOOL_CONVERSION = YES;
				CLANG_WARN_COMMA = YES;
				CLANG_WARN_CONSTANT_CONVERSION = YES;
				CLANG_WARN_DEPRECATED_OBJC_IMPLEMENTATIONS = YES;
				CLANG_WARN_DIRECT_OBJC_ISA_USAGE = YES_ERROR;
				CLANG_WARN_DOCUMENTATION_COMMENTS = YES;
				CLANG_WARN_EMPTY_BODY = YES;
				CLANG_WARN_ENUM_CONVERSION = YES;
				CLANG_WARN_INFINITE_RECURSION = YES;
				CLANG_WARN_INT_CONVERSION = YES;
				CLANG_WARN_NON_LITERAL_NULL_CONVERSION = YES;
				CLANG_WARN_OBJC_IMPLICIT_RETAIN_SELF = YES;
				CLANG_WARN_OBJC_LITERAL_CONVERSION = YES;
				CLANG_WARN_OBJC_ROOT_CLASS = YES_ERROR;
				CLANG_WARN_RANGE_LOOP_ANALYSIS = YES;
				CLANG_WARN_STRICT_PROTOTYPES = YES;
				CLANG_WARN_SUSPICIOUS_MOVE = YES;
				CLANG_WARN_UNGUARDED_AVAILABILITY = YES_AGGRESSIVE;
				CLANG_WARN_UNREACHABLE_CODE = YES;
				CLANG_WARN__DUPLICATE_METHOD_MATCH = YES;
				COPY_PHASE_STRIP = NO;
				DEBUG_INFORMATION_FORMAT = dwarf;
				ENABLE_STRICT_OBJC_MSGSEND = YES;
				ENABLE_TESTABILITY = YES;
				GCC_C_LANGUAGE_STANDARD = gnu11;
				GCC_DYNAMIC_NO_PIC = NO;
				GCC_NO_COMMON_BLOCKS = YES;
				GCC_OPTIMIZATION_LEVEL = 0;
				GCC_PREPROCESSOR_DEFINITIONS = (
					"DEBUG=1",
					"$(inherited)",
				);
				GCC_WARN_64_TO_32_BIT_CONVERSION = YES;
				GCC_WARN_ABOUT_RETURN_TYPE = YES_ERROR;
				GCC_WARN_UNDECLARED_SELECTOR = YES;
				GCC_WARN_UNINITIALIZED_AUTOS = YES_AGGRESSIVE;
				GCC_WARN_UNUSED_FUNCTION = YES;
				GCC_WARN_UNUSED_VARIABLE = YES;
				IPHONEOS_DEPLOYMENT_TARGET = 13.4;
				MTL_ENABLE_DEBUG_INFO = INCLUDE_SOURCE;
				MTL_FAST_MATH = YES;
				ONLY_ACTIVE_ARCH = YES;
				SDKROOT = iphoneos;
				SWIFT_ACTIVE_COMPILATION_CONDITIONS = DEBUG;
				SWIFT_OPTIMIZATION_LEVEL = "-Onone";
			};
			name = Debug;
		};
		18B1815E247CB179000BA796 /* Release */ = {
			isa = XCBuildConfiguration;
			buildSettings = {
				ALWAYS_SEARCH_USER_PATHS = NO;
				CLANG_ANALYZER_NONNULL = YES;
				CLANG_ANALYZER_NUMBER_OBJECT_CONVERSION = YES_AGGRESSIVE;
				CLANG_CXX_LANGUAGE_STANDARD = "gnu++14";
				CLANG_CXX_LIBRARY = "libc++";
				CLANG_ENABLE_MODULES = YES;
				CLANG_ENABLE_OBJC_ARC = YES;
				CLANG_ENABLE_OBJC_WEAK = YES;
				CLANG_WARN_BLOCK_CAPTURE_AUTORELEASING = YES;
				CLANG_WARN_BOOL_CONVERSION = YES;
				CLANG_WARN_COMMA = YES;
				CLANG_WARN_CONSTANT_CONVERSION = YES;
				CLANG_WARN_DEPRECATED_OBJC_IMPLEMENTATIONS = YES;
				CLANG_WARN_DIRECT_OBJC_ISA_USAGE = YES_ERROR;
				CLANG_WARN_DOCUMENTATION_COMMENTS = YES;
				CLANG_WARN_EMPTY_BODY = YES;
				CLANG_WARN_ENUM_CONVERSION = YES;
				CLANG_WARN_INFINITE_RECURSION = YES;
				CLANG_WARN_INT_CONVERSION = YES;
				CLANG_WARN_NON_LITERAL_NULL_CONVERSION = YES;
				CLANG_WARN_OBJC_IMPLICIT_RETAIN_SELF = YES;
				CLANG_WARN_OBJC_LITERAL_CONVERSION = YES;
				CLANG_WARN_OBJC_ROOT_CLASS = YES_ERROR;
				CLANG_WARN_RANGE_LOOP_ANALYSIS = YES;
				CLANG_WARN_STRICT_PROTOTYPES = YES;
				CLANG_WARN_SUSPICIOUS_MOVE = YES;
				CLANG_WARN_UNGUARDED_AVAILABILITY = YES_AGGRESSIVE;
				CLANG_WARN_UNREACHABLE_CODE = YES;
				CLANG_WARN__DUPLICATE_METHOD_MATCH = YES;
				COPY_PHASE_STRIP = NO;
				DEBUG_INFORMATION_FORMAT = "dwarf-with-dsym";
				ENABLE_NS_ASSERTIONS = NO;
				ENABLE_STRICT_OBJC_MSGSEND = YES;
				GCC_C_LANGUAGE_STANDARD = gnu11;
				GCC_NO_COMMON_BLOCKS = YES;
				GCC_WARN_64_TO_32_BIT_CONVERSION = YES;
				GCC_WARN_ABOUT_RETURN_TYPE = YES_ERROR;
				GCC_WARN_UNDECLARED_SELECTOR = YES;
				GCC_WARN_UNINITIALIZED_AUTOS = YES_AGGRESSIVE;
				GCC_WARN_UNUSED_FUNCTION = YES;
				GCC_WARN_UNUSED_VARIABLE = YES;
				IPHONEOS_DEPLOYMENT_TARGET = 13.4;
				MTL_ENABLE_DEBUG_INFO = NO;
				MTL_FAST_MATH = YES;
				SDKROOT = iphoneos;
				SWIFT_COMPILATION_MODE = wholemodule;
				SWIFT_OPTIMIZATION_LEVEL = "-O";
				VALIDATE_PRODUCT = YES;
			};
			name = Release;
		};
		18B18160247CB179000BA796 /* Debug */ = {
			isa = XCBuildConfiguration;
			baseConfigurationReference = BE464ED7EA0D3F4375581FD7 /* Pods-Max-Bim.debug.xcconfig */;
			buildSettings = {
				ASSETCATALOG_COMPILER_APPICON_NAME = AppIcon;
				CODE_SIGN_STYLE = Automatic;
				DEVELOPMENT_ASSET_PATHS = "\"Max-Bim/Preview Content\"";
				DEVELOPMENT_TEAM = MD94SDTTY8;
				ENABLE_PREVIEWS = YES;
				INFOPLIST_FILE = "Max-Bim/Info.plist";
				IPHONEOS_DEPLOYMENT_TARGET = 13.0;
				LD_RUNPATH_SEARCH_PATHS = (
					"$(inherited)",
					"@executable_path/Frameworks",
				);
				PRODUCT_BUNDLE_IDENTIFIER = com.MaxBIM;
				PRODUCT_NAME = "$(TARGET_NAME)";
				SWIFT_VERSION = 5.0;
				TARGETED_DEVICE_FAMILY = 1;
			};
			name = Debug;
		};
		18B18161247CB179000BA796 /* Release */ = {
			isa = XCBuildConfiguration;
			baseConfigurationReference = 8846E9899137B708115E3FEB /* Pods-Max-Bim.release.xcconfig */;
			buildSettings = {
				ASSETCATALOG_COMPILER_APPICON_NAME = AppIcon;
				CODE_SIGN_STYLE = Automatic;
				DEVELOPMENT_ASSET_PATHS = "\"Max-Bim/Preview Content\"";
				DEVELOPMENT_TEAM = MD94SDTTY8;
				ENABLE_PREVIEWS = YES;
				INFOPLIST_FILE = "Max-Bim/Info.plist";
				IPHONEOS_DEPLOYMENT_TARGET = 13.0;
				LD_RUNPATH_SEARCH_PATHS = (
					"$(inherited)",
					"@executable_path/Frameworks",
				);
				PRODUCT_BUNDLE_IDENTIFIER = com.MaxBIM;
				PRODUCT_NAME = "$(TARGET_NAME)";
				SWIFT_VERSION = 5.0;
				TARGETED_DEVICE_FAMILY = 1;
			};
			name = Release;
		};
/* End XCBuildConfiguration section */

/* Begin XCConfigurationList section */
		18B18146247CB163000BA796 /* Build configuration list for PBXProject "Max-Bim" */ = {
			isa = XCConfigurationList;
			buildConfigurations = (
				18B1815D247CB179000BA796 /* Debug */,
				18B1815E247CB179000BA796 /* Release */,
			);
			defaultConfigurationIsVisible = 0;
			defaultConfigurationName = Release;
		};
		18B1815F247CB179000BA796 /* Build configuration list for PBXNativeTarget "Max-Bim" */ = {
			isa = XCConfigurationList;
			buildConfigurations = (
				18B18160247CB179000BA796 /* Debug */,
				18B18161247CB179000BA796 /* Release */,
			);
			defaultConfigurationIsVisible = 0;
			defaultConfigurationName = Release;
		};
/* End XCConfigurationList section */
	};
	rootObject = 18B18143247CB163000BA796 /* Project object */;
}
